
Microsoft Visual Studio Solution File, Format Version 12.00
# Visual Studio Version 17
VisualStudioVersion = 17.11.35312.102
MinimumVisualStudioVersion = 10.0.40219.1
Project("{2150E333-8FDC-42A3-9474-1A3956D46DE8}") = "Task0", "Task0", "{42DC736A-6CEF-47E6-9BFC-09DECAAD041F}"
EndProject
Project("{9A19103F-16F7-4668-BE54-9A1E7A4F7556}") = "Tyuiu.BlagihIA.Sprint5.Task0.V7", "Tyuiu.BlagihIA.Sprint5.Task0.V7\Tyuiu.BlagihIA.Sprint5.Task0.V7.csproj", "{7A9FC846-D2C3-4352-A806-E690F16A68EC}"
EndProject
Project("{9A19103F-16F7-4668-BE54-9A1E7A4F7556}") = "Tyuiu.BlagihIA.Sprint5.Task0.V7.Lib", "Tyuiu.BlagihIA.Sprint5.Task0.V7.Lib\Tyuiu.BlagihIA.Sprint5.Task0.V7.Lib.csproj", "{C076CC22-F75F-4EAC-8E36-3EB14AF792EF}"
EndProject
Project("{9A19103F-16F7-4668-BE54-9A1E7A4F7556}") = "Tyuiu.BlagihIA.Sprint5.Task0.V7.Test", "Tyuiu.BlagihIA.Sprint5.Task0.V7.Test\Tyuiu.BlagihIA.Sprint5.Task0.V7.Test.csproj", "{45FAB002-8DC3-4432-9731-89D68AF15A37}"
EndProject
Project("{2150E333-8FDC-42A3-9474-1A3956D46DE8}") = "Task1", "Task1", "{C42669FB-3B58-444C-98A3-354F7FC0FD07}"
EndProject
Project("{9A19103F-16F7-4668-BE54-9A1E7A4F7556}") = "Tyuiu.BlagihIA.Sprint5.Task1.V16", "Tyuiu.BlagihIA.Sprint5.Task1.V16\Tyuiu.BlagihIA.Sprint5.Task1.V16.csproj", "{9946DB35-61A5-4FD5-83C6-288F458FEF36}"
EndProject
Project("{9A19103F-16F7-4668-BE54-9A1E7A4F7556}") = "Tyuiu.BlagihIA.Sprint5.Task1.V16.Lib", "Tyuiu.BlagihIA.Sprint5.Task1.V16.Lib\Tyuiu.BlagihIA.Sprint5.Task1.V16.Lib.csproj", "{ECE188E4-0A7D-4D98-994B-E10EC0C154A6}"
EndProject
Project("{9A19103F-16F7-4668-BE54-9A1E7A4F7556}") = "Tyuiu.BlagihIA.Sprint5.Task1.V16.Test", "Tyuiu.BlagihIA.Sprint5.Task1.V16.Test\Tyuiu.BlagihIA.Sprint5.Task1.V16.Test.csproj", "{7C5BC68C-5418-4B94-9E7F-BB72CD438E4E}"
EndProject
Project("{2150E333-8FDC-42A3-9474-1A3956D46DE8}") = "Task2", "Task2", "{82EA14E6-9697-4680-BEB6-2907DB0B7947}"
EndProject
Project("{9A19103F-16F7-4668-BE54-9A1E7A4F7556}") = "Tyuiu.BlagihIA.Sprint5.Task2.V14", "Tyuiu.BlagihIA.Sprint5.Task2.V14\Tyuiu.BlagihIA.Sprint5.Task2.V14.csproj", "{01F74405-E3E2-4D7E-BE9F-FB413412591E}"
EndProject
Project("{9A19103F-16F7-4668-BE54-9A1E7A4F7556}") = "Tyuiu.BlagihIA.Sprint5.Task2.V14.Lib", "Tyuiu.BlagihIA.Sprint5.Task2.V14.Lib\Tyuiu.BlagihIA.Sprint5.Task2.V14.Lib.csproj", "{BEBA64C2-9945-44D4-BAD9-0AA3C958632D}"
EndProject
Project("{9A19103F-16F7-4668-BE54-9A1E7A4F7556}") = "Tyuiu.BlagihIA.Sprint5.Task2.V14.Test", "Tyuiu.BlagihIA.Sprint5.Task2.V14.Test\Tyuiu.BlagihIA.Sprint5.Task2.V14.Test.csproj", "{B6E01720-9DB2-4B3D-9C44-B01684A35212}"
EndProject
Project("{2150E333-8FDC-42A3-9474-1A3956D46DE8}") = "Task3", "Task3", "{C4BBD4B2-F6F0-4BAF-99E3-AEFC40C78F24}"
EndProject
Project("{FAE04EC0-301F-11D3-BF4B-00C04F79EFBC}") = "Tyuiu.BlagihIA.Sprint5.Task3.V30", "Tyuiu.BlagihIA.Sprint5.Task3.V30\Tyuiu.BlagihIA.Sprint5.Task3.V30.csproj", "{E0937FCD-90E2-4512-B830-7328CFA30C88}"
EndProject
Project("{FAE04EC0-301F-11D3-BF4B-00C04F79EFBC}") = "Tyuiu.BlagihIA.Sprint5.Task3.V30.Lib", "Tyuiu.BlagihIA.Sprint5.Task3.V30.Lib\Tyuiu.BlagihIA.Sprint5.Task3.V30.Lib.csproj", "{BDAED3ED-5BBC-4B79-8883-BC93764033DB}"
EndProject
Project("{FAE04EC0-301F-11D3-BF4B-00C04F79EFBC}") = "Tyuiu.BlagihIA.Sprint5.Task3.V30.Test", "Tyuiu.BlagihIA.Sprint5.Task3.V30.Test\Tyuiu.BlagihIA.Sprint5.Task3.V30.Test.csproj", "{48586963-5ADD-4032-8365-8D4B3A83BEC0}"
EndProject
Global
	GlobalSection(SolutionConfigurationPlatforms) = preSolution
		Debug|Any CPU = Debug|Any CPU
		Release|Any CPU = Release|Any CPU
	EndGlobalSection
	GlobalSection(ProjectConfigurationPlatforms) = postSolution
		{7A9FC846-D2C3-4352-A806-E690F16A68EC}.Debug|Any CPU.ActiveCfg = Debug|Any CPU
		{7A9FC846-D2C3-4352-A806-E690F16A68EC}.Debug|Any CPU.Build.0 = Debug|Any CPU
		{7A9FC846-D2C3-4352-A806-E690F16A68EC}.Release|Any CPU.ActiveCfg = Release|Any CPU
		{7A9FC846-D2C3-4352-A806-E690F16A68EC}.Release|Any CPU.Build.0 = Release|Any CPU
		{C076CC22-F75F-4EAC-8E36-3EB14AF792EF}.Debug|Any CPU.ActiveCfg = Debug|Any CPU
		{C076CC22-F75F-4EAC-8E36-3EB14AF792EF}.Debug|Any CPU.Build.0 = Debug|Any CPU
		{C076CC22-F75F-4EAC-8E36-3EB14AF792EF}.Release|Any CPU.ActiveCfg = Release|Any CPU
		{C076CC22-F75F-4EAC-8E36-3EB14AF792EF}.Release|Any CPU.Build.0 = Release|Any CPU
		{45FAB002-8DC3-4432-9731-89D68AF15A37}.Debug|Any CPU.ActiveCfg = Debug|Any CPU
		{45FAB002-8DC3-4432-9731-89D68AF15A37}.Debug|Any CPU.Build.0 = Debug|Any CPU
		{45FAB002-8DC3-4432-9731-89D68AF15A37}.Release|Any CPU.ActiveCfg = Release|Any CPU
		{45FAB002-8DC3-4432-9731-89D68AF15A37}.Release|Any CPU.Build.0 = Release|Any CPU
		{9946DB35-61A5-4FD5-83C6-288F458FEF36}.Debug|Any CPU.ActiveCfg = Debug|Any CPU
		{9946DB35-61A5-4FD5-83C6-288F458FEF36}.Debug|Any CPU.Build.0 = Debug|Any CPU
		{9946DB35-61A5-4FD5-83C6-288F458FEF36}.Release|Any CPU.ActiveCfg = Release|Any CPU
		{9946DB35-61A5-4FD5-83C6-288F458FEF36}.Release|Any CPU.Build.0 = Release|Any CPU
		{ECE188E4-0A7D-4D98-994B-E10EC0C154A6}.Debug|Any CPU.ActiveCfg = Debug|Any CPU
		{ECE188E4-0A7D-4D98-994B-E10EC0C154A6}.Debug|Any CPU.Build.0 = Debug|Any CPU
		{ECE188E4-0A7D-4D98-994B-E10EC0C154A6}.Release|Any CPU.ActiveCfg = Release|Any CPU
		{ECE188E4-0A7D-4D98-994B-E10EC0C154A6}.Release|Any CPU.Build.0 = Release|Any CPU
		{7C5BC68C-5418-4B94-9E7F-BB72CD438E4E}.Debug|Any CPU.ActiveCfg = Debug|Any CPU
		{7C5BC68C-5418-4B94-9E7F-BB72CD438E4E}.Debug|Any CPU.Build.0 = Debug|Any CPU
		{7C5BC68C-5418-4B94-9E7F-BB72CD438E4E}.Release|Any CPU.ActiveCfg = Release|Any CPU
		{7C5BC68C-5418-4B94-9E7F-BB72CD438E4E}.Release|Any CPU.Build.0 = Release|Any CPU
		{01F74405-E3E2-4D7E-BE9F-FB413412591E}.Debug|Any CPU.ActiveCfg = Debug|Any CPU
		{01F74405-E3E2-4D7E-BE9F-FB413412591E}.Debug|Any CPU.Build.0 = Debug|Any CPU
		{01F74405-E3E2-4D7E-BE9F-FB413412591E}.Release|Any CPU.ActiveCfg = Release|Any CPU
		{01F74405-E3E2-4D7E-BE9F-FB413412591E}.Release|Any CPU.Build.0 = Release|Any CPU
		{BEBA64C2-9945-44D4-BAD9-0AA3C958632D}.Debug|Any CPU.ActiveCfg = Debug|Any CPU
		{BEBA64C2-9945-44D4-BAD9-0AA3C958632D}.Debug|Any CPU.Build.0 = Debug|Any CPU
		{BEBA64C2-9945-44D4-BAD9-0AA3C958632D}.Release|Any CPU.ActiveCfg = Release|Any CPU
		{BEBA64C2-9945-44D4-BAD9-0AA3C958632D}.Release|Any CPU.Build.0 = Release|Any CPU
		{B6E01720-9DB2-4B3D-9C44-B01684A35212}.Debug|Any CPU.ActiveCfg = Debug|Any CPU
		{B6E01720-9DB2-4B3D-9C44-B01684A35212}.Debug|Any CPU.Build.0 = Debug|Any CPU
		{B6E01720-9DB2-4B3D-9C44-B01684A35212}.Release|Any CPU.ActiveCfg = Release|Any CPU
		{B6E01720-9DB2-4B3D-9C44-B01684A35212}.Release|Any CPU.Build.0 = Release|Any CPU
		{E0937FCD-90E2-4512-B830-7328CFA30C88}.Debug|Any CPU.ActiveCfg = Debug|Any CPU
		{E0937FCD-90E2-4512-B830-7328CFA30C88}.Debug|Any CPU.Build.0 = Debug|Any CPU
		{E0937FCD-90E2-4512-B830-7328CFA30C88}.Release|Any CPU.ActiveCfg = Release|Any CPU
		{E0937FCD-90E2-4512-B830-7328CFA30C88}.Release|Any CPU.Build.0 = Release|Any CPU
		{BDAED3ED-5BBC-4B79-8883-BC93764033DB}.Debug|Any CPU.ActiveCfg = Debug|Any CPU
		{BDAED3ED-5BBC-4B79-8883-BC93764033DB}.Debug|Any CPU.Build.0 = Debug|Any CPU
		{BDAED3ED-5BBC-4B79-8883-BC93764033DB}.Release|Any CPU.ActiveCfg = Release|Any CPU
		{BDAED3ED-5BBC-4B79-8883-BC93764033DB}.Release|Any CPU.Build.0 = Release|Any CPU
		{48586963-5ADD-4032-8365-8D4B3A83BEC0}.Debug|Any CPU.ActiveCfg = Debug|Any CPU
		{48586963-5ADD-4032-8365-8D4B3A83BEC0}.Debug|Any CPU.Build.0 = Debug|Any CPU
		{48586963-5ADD-4032-8365-8D4B3A83BEC0}.Release|Any CPU.ActiveCfg = Release|Any CPU
		{48586963-5ADD-4032-8365-8D4B3A83BEC0}.Release|Any CPU.Build.0 = Release|Any CPU
	EndGlobalSection
	GlobalSection(SolutionProperties) = preSolution
		HideSolutionNode = FALSE
	EndGlobalSection
	GlobalSection(NestedProjects) = preSolution
		{7A9FC846-D2C3-4352-A806-E690F16A68EC} = {42DC736A-6CEF-47E6-9BFC-09DECAAD041F}
		{C076CC22-F75F-4EAC-8E36-3EB14AF792EF} = {42DC736A-6CEF-47E6-9BFC-09DECAAD041F}
		{45FAB002-8DC3-4432-9731-89D68AF15A37} = {42DC736A-6CEF-47E6-9BFC-09DECAAD041F}
		{9946DB35-61A5-4FD5-83C6-288F458FEF36} = {C42669FB-3B58-444C-98A3-354F7FC0FD07}
		{ECE188E4-0A7D-4D98-994B-E10EC0C154A6} = {C42669FB-3B58-444C-98A3-354F7FC0FD07}
		{7C5BC68C-5418-4B94-9E7F-BB72CD438E4E} = {C42669FB-3B58-444C-98A3-354F7FC0FD07}
		{01F74405-E3E2-4D7E-BE9F-FB413412591E} = {82EA14E6-9697-4680-BEB6-2907DB0B7947}
		{BEBA64C2-9945-44D4-BAD9-0AA3C958632D} = {82EA14E6-9697-4680-BEB6-2907DB0B7947}
		{B6E01720-9DB2-4B3D-9C44-B01684A35212} = {82EA14E6-9697-4680-BEB6-2907DB0B7947}
		{E0937FCD-90E2-4512-B830-7328CFA30C88} = {C4BBD4B2-F6F0-4BAF-99E3-AEFC40C78F24}
		{BDAED3ED-5BBC-4B79-8883-BC93764033DB} = {C4BBD4B2-F6F0-4BAF-99E3-AEFC40C78F24}
		{48586963-5ADD-4032-8365-8D4B3A83BEC0} = {C4BBD4B2-F6F0-4BAF-99E3-AEFC40C78F24}
	EndGlobalSection
	GlobalSection(ExtensibilityGlobals) = postSolution
		SolutionGuid = {E1D9B62D-347B-49C4-B357-BEC3638A1DB3}
	EndGlobalSection
EndGlobal
