
Microsoft Visual Studio Solution File, Format Version 12.00
# Visual Studio Version 17
VisualStudioVersion = 17.11.35312.102
MinimumVisualStudioVersion = 10.0.40219.1
Project("{2150E333-8FDC-42A3-9474-1A3956D46DE8}") = "Task0", "Task0", "{42DC736A-6CEF-47E6-9BFC-09DECAAD041F}"
EndProject
Project("{9A19103F-16F7-4668-BE54-9A1E7A4F7556}") = "Tyuiu.BlagihIA.Sprint5.Task0.V7", "Tyuiu.BlagihIA.Sprint5.Task0.V7\Tyuiu.BlagihIA.Sprint5.Task0.V7.csproj", "{7A9FC846-D2C3-4352-A806-E690F16A68EC}"
EndProject
Project("{9A19103F-16F7-4668-BE54-9A1E7A4F7556}") = "Tyuiu.BlagihIA.Sprint5.Task0.V7.Lib", "Tyuiu.BlagihIA.Sprint5.Task0.V7.Lib\Tyuiu.BlagihIA.Sprint5.Task0.V7.Lib.csproj", "{C076CC22-F75F-4EAC-8E36-3EB14AF792EF}"
EndProject
Project("{9A19103F-16F7-4668-BE54-9A1E7A4F7556}") = "Tyuiu.BlagihIA.Sprint5.Task0.V7.Test", "Tyuiu.BlagihIA.Sprint5.Task0.V7.Test\Tyuiu.BlagihIA.Sprint5.Task0.V7.Test.csproj", "{45FAB002-8DC3-4432-9731-89D68AF15A37}"
EndProject
Project("{2150E333-8FDC-42A3-9474-1A3956D46DE8}") = "Task1", "Task1", "{C42669FB-3B58-444C-98A3-354F7FC0FD07}"
EndProject
Project("{9A19103F-16F7-4668-BE54-9A1E7A4F7556}") = "Tyuiu.BlagihIA.Sprint5.Task1.V16", "Tyuiu.BlagihIA.Sprint5.Task1.V16\Tyuiu.BlagihIA.Sprint5.Task1.V16.csproj", "{9946DB35-61A5-4FD5-83C6-288F458FEF36}"
EndProject
Project("{9A19103F-16F7-4668-BE54-9A1E7A4F7556}") = "Tyuiu.BlagihIA.Sprint5.Task1.V16.Lib", "Tyuiu.BlagihIA.Sprint5.Task1.V16.Lib\Tyuiu.BlagihIA.Sprint5.Task1.V16.Lib.csproj", "{ECE188E4-0A7D-4D98-994B-E10EC0C154A6}"
EndProject
Project("{9A19103F-16F7-4668-BE54-9A1E7A4F7556}") = "Tyuiu.BlagihIA.Sprint5.Task1.V16.Test", "Tyuiu.BlagihIA.Sprint5.Task1.V16.Test\Tyuiu.BlagihIA.Sprint5.Task1.V16.Test.csproj", "{7C5BC68C-5418-4B94-9E7F-BB72CD438E4E}"
EndProject
Project("{2150E333-8FDC-42A3-9474-1A3956D46DE8}") = "Task2", "Task2", "{82EA14E6-9697-4680-BEB6-2907DB0B7947}"
EndProject
Project("{9A19103F-16F7-4668-BE54-9A1E7A4F7556}") = "Tyuiu.BlagihIA.Sprint5.Task2.V14", "Tyuiu.BlagihIA.Sprint5.Task2.V14\Tyuiu.BlagihIA.Sprint5.Task2.V14.csproj", "{01F74405-E3E2-4D7E-BE9F-FB413412591E}"
EndProject
Project("{9A19103F-16F7-4668-BE54-9A1E7A4F7556}") = "Tyuiu.BlagihIA.Sprint5.Task2.V14.Lib", "Tyuiu.BlagihIA.Sprint5.Task2.V14.Lib\Tyuiu.BlagihIA.Sprint5.Task2.V14.Lib.csproj", "{BEBA64C2-9945-44D4-BAD9-0AA3C958632D}"
EndProject
Project("{9A19103F-16F7-4668-BE54-9A1E7A4F7556}") = "Tyuiu.BlagihIA.Sprint5.Task2.V14.Test", "Tyuiu.BlagihIA.Sprint5.Task2.V14.Test\Tyuiu.BlagihIA.Sprint5.Task2.V14.Test.csproj", "{B6E01720-9DB2-4B3D-9C44-B01684A35212}"
EndProject
Project("{2150E333-8FDC-42A3-9474-1A3956D46DE8}") = "Task3", "Task3", "{C4BBD4B2-F6F0-4BAF-99E3-AEFC40C78F24}"
EndProject
Project("{9A19103F-16F7-4668-BE54-9A1E7A4F7556}") = "Tyuiu.BlagihIA.Sprint5.Task3.V30", "Tyuiu.BlagihIA.Sprint5.Task3.V30\Tyuiu.BlagihIA.Sprint5.Task3.V30.csproj", "{E0937FCD-90E2-4512-B830-7328CFA30C88}"
EndProject
Project("{9A19103F-16F7-4668-BE54-9A1E7A4F7556}") = "Tyuiu.BlagihIA.Sprint5.Task3.V30.Lib", "Tyuiu.BlagihIA.Sprint5.Task3.V30.Lib\Tyuiu.BlagihIA.Sprint5.Task3.V30.Lib.csproj", "{BDAED3ED-5BBC-4B79-8883-BC93764033DB}"
EndProject
Project("{9A19103F-16F7-4668-BE54-9A1E7A4F7556}") = "Tyuiu.BlagihIA.Sprint5.Task3.V30.Test", "Tyuiu.BlagihIA.Sprint5.Task3.V30.Test\Tyuiu.BlagihIA.Sprint5.Task3.V30.Test.csproj", "{48586963-5ADD-4032-8365-8D4B3A83BEC0}"
EndProject
Project("{2150E333-8FDC-42A3-9474-1A3956D46DE8}") = "Task4", "Task4", "{CB142806-8EC0-439B-AB05-29D117564B20}"
EndProject
Project("{9A19103F-16F7-4668-BE54-9A1E7A4F7556}") = "Tyuiu.BlagihIA.Sprint5.Task4.V19", "Tyuiu.BlagihIA.Sprint5.Task4.V19\Tyuiu.BlagihIA.Sprint5.Task4.V19.csproj", "{C6265A15-77B8-4DA7-A43C-CA1E699BC882}"
EndProject
Project("{9A19103F-16F7-4668-BE54-9A1E7A4F7556}") = "Tyuiu.BlagihIA.Sprint5.Task4.V19.Lib", "Tyuiu.BlagihIA.Sprint5.Task4.V19.Lib\Tyuiu.BlagihIA.Sprint5.Task4.V19.Lib.csproj", "{833A3E1C-2E5A-4179-A2A0-4CCA05068AAB}"
EndProject
Project("{9A19103F-16F7-4668-BE54-9A1E7A4F7556}") = "Tyuiu.BlagihIA.Sprint5.Task4.V19.Test", "Tyuiu.BlagihIA.Sprint5.Task4.V19.Test\Tyuiu.BlagihIA.Sprint5.Task4.V19.Test.csproj", "{B6904071-440A-4DF8-933F-9F9E9B4C978A}"
EndProject
Project("{2150E333-8FDC-42A3-9474-1A3956D46DE8}") = "Task5", "Task5", "{2D10F223-0AC4-43C9-AEAE-17450BDFFAA4}"
EndProject
Project("{FAE04EC0-301F-11D3-BF4B-00C04F79EFBC}") = "Tyuiu.BlagihIA.Sprint5.Task5.V18", "Tyuiu.BlagihIA.Sprint5.Task5.V18\Tyuiu.BlagihIA.Sprint5.Task5.V18.csproj", "{2DB896AA-5659-4345-959B-CC88F5099F9F}"
EndProject
Project("{FAE04EC0-301F-11D3-BF4B-00C04F79EFBC}") = "Tyuiu.BlagihIA.Sprint5.Task5.V18.Lib", "Tyuiu.BlagihIA.Sprint5.Task5.V18.Lib\Tyuiu.BlagihIA.Sprint5.Task5.V18.Lib.csproj", "{87DD1996-1E5E-4E17-B465-AD5E58890206}"
EndProject
Project("{FAE04EC0-301F-11D3-BF4B-00C04F79EFBC}") = "Tyuiu.BlagihIA.Sprint5.Task5.V18.Test", "Tyuiu.BlagihIA.Sprint5.Task5.V18.Test\Tyuiu.BlagihIA.Sprint5.Task5.V18.Test.csproj", "{B92E0730-6DF2-45F3-9E0B-F867101C0E66}"
EndProject
Project("{2150E333-8FDC-42A3-9474-1A3956D46DE8}") = "Task6", "Task6", "{91F66446-71CD-43CE-8E78-E3995C9A3CA0}"
	ProjectSection(SolutionItems) = preProject
		Tyuiu.BlagihIA.Sprint5.Task5.V18.Test\DataServiceTest.cs = Tyuiu.BlagihIA.Sprint5.Task5.V18.Test\DataServiceTest.cs
	EndProjectSection
EndProject
Project("{FAE04EC0-301F-11D3-BF4B-00C04F79EFBC}") = "Tyuiu.BlagihIA.Sprint5.Task6.V4", "Tyuiu.BlagihIA.Sprint5.Task6.V4\Tyuiu.BlagihIA.Sprint5.Task6.V4.csproj", "{E286F6E9-9D2F-40F5-954D-ED648AA62D5A}"
EndProject
Project("{FAE04EC0-301F-11D3-BF4B-00C04F79EFBC}") = "Tyuiu.BlagihIA.Sprint5.Task6.V4.Lib", "Tyuiu.BlagihIA.Sprint5.Task6.V4.Lib\Tyuiu.BlagihIA.Sprint5.Task6.V4.Lib.csproj", "{9E429E89-1362-4DDA-AA6C-3BB731DDCF61}"
EndProject
Project("{FAE04EC0-301F-11D3-BF4B-00C04F79EFBC}") = "Tyuiu.BlagihIA.Sprint5.Task6.V4.Test", "Tyuiu.BlagihIA.Sprint5.Task6.V4.Test\Tyuiu.BlagihIA.Sprint5.Task6.V4.Test.csproj", "{CE5CBC5C-E0E3-4410-8FE0-E234735AD05F}"
EndProject
Global
	GlobalSection(SolutionConfigurationPlatforms) = preSolution
		Debug|Any CPU = Debug|Any CPU
		Release|Any CPU = Release|Any CPU
	EndGlobalSection
	GlobalSection(ProjectConfigurationPlatforms) = postSolution
		{7A9FC846-D2C3-4352-A806-E690F16A68EC}.Debug|Any CPU.ActiveCfg = Debug|Any CPU
		{7A9FC846-D2C3-4352-A806-E690F16A68EC}.Debug|Any CPU.Build.0 = Debug|Any CPU
		{7A9FC846-D2C3-4352-A806-E690F16A68EC}.Release|Any CPU.ActiveCfg = Release|Any CPU
		{7A9FC846-D2C3-4352-A806-E690F16A68EC}.Release|Any CPU.Build.0 = Release|Any CPU
		{C076CC22-F75F-4EAC-8E36-3EB14AF792EF}.Debug|Any CPU.ActiveCfg = Debug|Any CPU
		{C076CC22-F75F-4EAC-8E36-3EB14AF792EF}.Debug|Any CPU.Build.0 = Debug|Any CPU
		{C076CC22-F75F-4EAC-8E36-3EB14AF792EF}.Release|Any CPU.ActiveCfg = Release|Any CPU
		{C076CC22-F75F-4EAC-8E36-3EB14AF792EF}.Release|Any CPU.Build.0 = Release|Any CPU
		{45FAB002-8DC3-4432-9731-89D68AF15A37}.Debug|Any CPU.ActiveCfg = Debug|Any CPU
		{45FAB002-8DC3-4432-9731-89D68AF15A37}.Debug|Any CPU.Build.0 = Debug|Any CPU
		{45FAB002-8DC3-4432-9731-89D68AF15A37}.Release|Any CPU.ActiveCfg = Release|Any CPU
		{45FAB002-8DC3-4432-9731-89D68AF15A37}.Release|Any CPU.Build.0 = Release|Any CPU
		{9946DB35-61A5-4FD5-83C6-288F458FEF36}.Debug|Any CPU.ActiveCfg = Debug|Any CPU
		{9946DB35-61A5-4FD5-83C6-288F458FEF36}.Debug|Any CPU.Build.0 = Debug|Any CPU
		{9946DB35-61A5-4FD5-83C6-288F458FEF36}.Release|Any CPU.ActiveCfg = Release|Any CPU
		{9946DB35-61A5-4FD5-83C6-288F458FEF36}.Release|Any CPU.Build.0 = Release|Any CPU
		{ECE188E4-0A7D-4D98-994B-E10EC0C154A6}.Debug|Any CPU.ActiveCfg = Debug|Any CPU
		{ECE188E4-0A7D-4D98-994B-E10EC0C154A6}.Debug|Any CPU.Build.0 = Debug|Any CPU
		{ECE188E4-0A7D-4D98-994B-E10EC0C154A6}.Release|Any CPU.ActiveCfg = Release|Any CPU
		{ECE188E4-0A7D-4D98-994B-E10EC0C154A6}.Release|Any CPU.Build.0 = Release|Any CPU
		{7C5BC68C-5418-4B94-9E7F-BB72CD438E4E}.Debug|Any CPU.ActiveCfg = Debug|Any CPU
		{7C5BC68C-5418-4B94-9E7F-BB72CD438E4E}.Debug|Any CPU.Build.0 = Debug|Any CPU
		{7C5BC68C-5418-4B94-9E7F-BB72CD438E4E}.Release|Any CPU.ActiveCfg = Release|Any CPU
		{7C5BC68C-5418-4B94-9E7F-BB72CD438E4E}.Release|Any CPU.Build.0 = Release|Any CPU
		{01F74405-E3E2-4D7E-BE9F-FB413412591E}.Debug|Any CPU.ActiveCfg = Debug|Any CPU
		{01F74405-E3E2-4D7E-BE9F-FB413412591E}.Debug|Any CPU.Build.0 = Debug|Any CPU
		{01F74405-E3E2-4D7E-BE9F-FB413412591E}.Release|Any CPU.ActiveCfg = Release|Any CPU
		{01F74405-E3E2-4D7E-BE9F-FB413412591E}.Release|Any CPU.Build.0 = Release|Any CPU
		{BEBA64C2-9945-44D4-BAD9-0AA3C958632D}.Debug|Any CPU.ActiveCfg = Debug|Any CPU
		{BEBA64C2-9945-44D4-BAD9-0AA3C958632D}.Debug|Any CPU.Build.0 = Debug|Any CPU
		{BEBA64C2-9945-44D4-BAD9-0AA3C958632D}.Release|Any CPU.ActiveCfg = Release|Any CPU
		{BEBA64C2-9945-44D4-BAD9-0AA3C958632D}.Release|Any CPU.Build.0 = Release|Any CPU
		{B6E01720-9DB2-4B3D-9C44-B01684A35212}.Debug|Any CPU.ActiveCfg = Debug|Any CPU
		{B6E01720-9DB2-4B3D-9C44-B01684A35212}.Debug|Any CPU.Build.0 = Debug|Any CPU
		{B6E01720-9DB2-4B3D-9C44-B01684A35212}.Release|Any CPU.ActiveCfg = Release|Any CPU
		{B6E01720-9DB2-4B3D-9C44-B01684A35212}.Release|Any CPU.Build.0 = Release|Any CPU
		{E0937FCD-90E2-4512-B830-7328CFA30C88}.Debug|Any CPU.ActiveCfg = Debug|Any CPU
		{E0937FCD-90E2-4512-B830-7328CFA30C88}.Debug|Any CPU.Build.0 = Debug|Any CPU
		{E0937FCD-90E2-4512-B830-7328CFA30C88}.Release|Any CPU.ActiveCfg = Release|Any CPU
		{E0937FCD-90E2-4512-B830-7328CFA30C88}.Release|Any CPU.Build.0 = Release|Any CPU
		{BDAED3ED-5BBC-4B79-8883-BC93764033DB}.Debug|Any CPU.ActiveCfg = Debug|Any CPU
		{BDAED3ED-5BBC-4B79-8883-BC93764033DB}.Debug|Any CPU.Build.0 = Debug|Any CPU
		{BDAED3ED-5BBC-4B79-8883-BC93764033DB}.Release|Any CPU.ActiveCfg = Release|Any CPU
		{BDAED3ED-5BBC-4B79-8883-BC93764033DB}.Release|Any CPU.Build.0 = Release|Any CPU
		{48586963-5ADD-4032-8365-8D4B3A83BEC0}.Debug|Any CPU.ActiveCfg = Debug|Any CPU
		{48586963-5ADD-4032-8365-8D4B3A83BEC0}.Debug|Any CPU.Build.0 = Debug|Any CPU
		{48586963-5ADD-4032-8365-8D4B3A83BEC0}.Release|Any CPU.ActiveCfg = Release|Any CPU
		{48586963-5ADD-4032-8365-8D4B3A83BEC0}.Release|Any CPU.Build.0 = Release|Any CPU
		{C6265A15-77B8-4DA7-A43C-CA1E699BC882}.Debug|Any CPU.ActiveCfg = Debug|Any CPU
		{C6265A15-77B8-4DA7-A43C-CA1E699BC882}.Debug|Any CPU.Build.0 = Debug|Any CPU
		{C6265A15-77B8-4DA7-A43C-CA1E699BC882}.Release|Any CPU.ActiveCfg = Release|Any CPU
		{C6265A15-77B8-4DA7-A43C-CA1E699BC882}.Release|Any CPU.Build.0 = Release|Any CPU
		{833A3E1C-2E5A-4179-A2A0-4CCA05068AAB}.Debug|Any CPU.ActiveCfg = Debug|Any CPU
		{833A3E1C-2E5A-4179-A2A0-4CCA05068AAB}.Debug|Any CPU.Build.0 = Debug|Any CPU
		{833A3E1C-2E5A-4179-A2A0-4CCA05068AAB}.Release|Any CPU.ActiveCfg = Release|Any CPU
		{833A3E1C-2E5A-4179-A2A0-4CCA05068AAB}.Release|Any CPU.Build.0 = Release|Any CPU
		{B6904071-440A-4DF8-933F-9F9E9B4C978A}.Debug|Any CPU.ActiveCfg = Debug|Any CPU
		{B6904071-440A-4DF8-933F-9F9E9B4C978A}.Debug|Any CPU.Build.0 = Debug|Any CPU
		{B6904071-440A-4DF8-933F-9F9E9B4C978A}.Release|Any CPU.ActiveCfg = Release|Any CPU
		{B6904071-440A-4DF8-933F-9F9E9B4C978A}.Release|Any CPU.Build.0 = Release|Any CPU
		{2DB896AA-5659-4345-959B-CC88F5099F9F}.Debug|Any CPU.ActiveCfg = Debug|Any CPU
		{2DB896AA-5659-4345-959B-CC88F5099F9F}.Debug|Any CPU.Build.0 = Debug|Any CPU
		{2DB896AA-5659-4345-959B-CC88F5099F9F}.Release|Any CPU.ActiveCfg = Release|Any CPU
		{2DB896AA-5659-4345-959B-CC88F5099F9F}.Release|Any CPU.Build.0 = Release|Any CPU
		{87DD1996-1E5E-4E17-B465-AD5E58890206}.Debug|Any CPU.ActiveCfg = Debug|Any CPU
		{87DD1996-1E5E-4E17-B465-AD5E58890206}.Debug|Any CPU.Build.0 = Debug|Any CPU
		{87DD1996-1E5E-4E17-B465-AD5E58890206}.Release|Any CPU.ActiveCfg = Release|Any CPU
		{87DD1996-1E5E-4E17-B465-AD5E58890206}.Release|Any CPU.Build.0 = Release|Any CPU
		{B92E0730-6DF2-45F3-9E0B-F867101C0E66}.Debug|Any CPU.ActiveCfg = Debug|Any CPU
		{B92E0730-6DF2-45F3-9E0B-F867101C0E66}.Debug|Any CPU.Build.0 = Debug|Any CPU
		{B92E0730-6DF2-45F3-9E0B-F867101C0E66}.Release|Any CPU.ActiveCfg = Release|Any CPU
		{B92E0730-6DF2-45F3-9E0B-F867101C0E66}.Release|Any CPU.Build.0 = Release|Any CPU
		{E286F6E9-9D2F-40F5-954D-ED648AA62D5A}.Debug|Any CPU.ActiveCfg = Debug|Any CPU
		{E286F6E9-9D2F-40F5-954D-ED648AA62D5A}.Debug|Any CPU.Build.0 = Debug|Any CPU
		{E286F6E9-9D2F-40F5-954D-ED648AA62D5A}.Release|Any CPU.ActiveCfg = Release|Any CPU
		{E286F6E9-9D2F-40F5-954D-ED648AA62D5A}.Release|Any CPU.Build.0 = Release|Any CPU
		{9E429E89-1362-4DDA-AA6C-3BB731DDCF61}.Debug|Any CPU.ActiveCfg = Debug|Any CPU
		{9E429E89-1362-4DDA-AA6C-3BB731DDCF61}.Debug|Any CPU.Build.0 = Debug|Any CPU
		{9E429E89-1362-4DDA-AA6C-3BB731DDCF61}.Release|Any CPU.ActiveCfg = Release|Any CPU
		{9E429E89-1362-4DDA-AA6C-3BB731DDCF61}.Release|Any CPU.Build.0 = Release|Any CPU
		{CE5CBC5C-E0E3-4410-8FE0-E234735AD05F}.Debug|Any CPU.ActiveCfg = Debug|Any CPU
		{CE5CBC5C-E0E3-4410-8FE0-E234735AD05F}.Debug|Any CPU.Build.0 = Debug|Any CPU
		{CE5CBC5C-E0E3-4410-8FE0-E234735AD05F}.Release|Any CPU.ActiveCfg = Release|Any CPU
		{CE5CBC5C-E0E3-4410-8FE0-E234735AD05F}.Release|Any CPU.Build.0 = Release|Any CPU
	EndGlobalSection
	GlobalSection(SolutionProperties) = preSolution
		HideSolutionNode = FALSE
	EndGlobalSection
	GlobalSection(NestedProjects) = preSolution
		{7A9FC846-D2C3-4352-A806-E690F16A68EC} = {42DC736A-6CEF-47E6-9BFC-09DECAAD041F}
		{C076CC22-F75F-4EAC-8E36-3EB14AF792EF} = {42DC736A-6CEF-47E6-9BFC-09DECAAD041F}
		{45FAB002-8DC3-4432-9731-89D68AF15A37} = {42DC736A-6CEF-47E6-9BFC-09DECAAD041F}
		{9946DB35-61A5-4FD5-83C6-288F458FEF36} = {C42669FB-3B58-444C-98A3-354F7FC0FD07}
		{ECE188E4-0A7D-4D98-994B-E10EC0C154A6} = {C42669FB-3B58-444C-98A3-354F7FC0FD07}
		{7C5BC68C-5418-4B94-9E7F-BB72CD438E4E} = {C42669FB-3B58-444C-98A3-354F7FC0FD07}
		{01F74405-E3E2-4D7E-BE9F-FB413412591E} = {82EA14E6-9697-4680-BEB6-2907DB0B7947}
		{BEBA64C2-9945-44D4-BAD9-0AA3C958632D} = {82EA14E6-9697-4680-BEB6-2907DB0B7947}
		{B6E01720-9DB2-4B3D-9C44-B01684A35212} = {82EA14E6-9697-4680-BEB6-2907DB0B7947}
		{E0937FCD-90E2-4512-B830-7328CFA30C88} = {C4BBD4B2-F6F0-4BAF-99E3-AEFC40C78F24}
		{BDAED3ED-5BBC-4B79-8883-BC93764033DB} = {C4BBD4B2-F6F0-4BAF-99E3-AEFC40C78F24}
		{48586963-5ADD-4032-8365-8D4B3A83BEC0} = {C4BBD4B2-F6F0-4BAF-99E3-AEFC40C78F24}
		{C6265A15-77B8-4DA7-A43C-CA1E699BC882} = {CB142806-8EC0-439B-AB05-29D117564B20}
		{833A3E1C-2E5A-4179-A2A0-4CCA05068AAB} = {CB142806-8EC0-439B-AB05-29D117564B20}
		{B6904071-440A-4DF8-933F-9F9E9B4C978A} = {CB142806-8EC0-439B-AB05-29D117564B20}
		{2DB896AA-5659-4345-959B-CC88F5099F9F} = {2D10F223-0AC4-43C9-AEAE-17450BDFFAA4}
		{87DD1996-1E5E-4E17-B465-AD5E58890206} = {2D10F223-0AC4-43C9-AEAE-17450BDFFAA4}
		{B92E0730-6DF2-45F3-9E0B-F867101C0E66} = {2D10F223-0AC4-43C9-AEAE-17450BDFFAA4}
		{E286F6E9-9D2F-40F5-954D-ED648AA62D5A} = {91F66446-71CD-43CE-8E78-E3995C9A3CA0}
		{9E429E89-1362-4DDA-AA6C-3BB731DDCF61} = {91F66446-71CD-43CE-8E78-E3995C9A3CA0}
		{CE5CBC5C-E0E3-4410-8FE0-E234735AD05F} = {91F66446-71CD-43CE-8E78-E3995C9A3CA0}
	EndGlobalSection
	GlobalSection(ExtensibilityGlobals) = postSolution
		SolutionGuid = {E1D9B62D-347B-49C4-B357-BEC3638A1DB3}
	EndGlobalSection
EndGlobal
